# This file is automatically @generated by Cargo.
# It is not intended for manual editing.
version = 4

[[package]]
name = "cambios-abi"
version = "0.1.0"

[[package]]
name = "cambios-ccid"
version = "0.1.0"
dependencies = [
 "cambios-ccid-proto",
 "cambios-libsys",
 "cambios-libsys-rt",
]

[[package]]
name = "cambios-ccid-proto"
version = "0.1.0"

[[package]]
name = "cambios-libsys"
version = "0.1.0"
dependencies = [
 "cambios-abi",
]

[[package]]
name = "cambios-libsys-rt"
version = "0.1.0"
dependencies = [
 "cambios-libsys",
]
