# This file is automatically @generated by Cargo.
# It is not intended for manual editing.
version = 4

[[package]]
name = "cambios-abi"
version = "0.1.0"

[[package]]
name = "cambios-key-store-service"
version = "0.1.0"
dependencies = [
 "cambios-libsys",
 "ed25519-compact",
]

[[package]]
name = "cambios-libsys"
version = "0.1.0"
dependencies = [
 "cambios-abi",
]

[[package]]
name = "ed25519-compact"
version = "2.2.0"
source = "registry+https://github.com/rust-lang/crates.io-index"
checksum = "33ce99a9e19c84beb4cc35ece85374335ccc398240712114c85038319ed709bd"
