# This file is automatically @generated by Cargo.
# It is not intended for manual editing.
version = 4

[[package]]
name = "cambios-abi"
version = "0.1.0"

[[package]]
name = "cambios-audit-tail"
version = "0.1.0"
dependencies = [
 "cambios-libsys",
]

[[package]]
name = "cambios-libsys"
version = "0.1.0"
dependencies = [
 "cambios-abi",
]
