# This file is automatically @generated by Cargo.
# It is not intended for manual editing.
version = 4

[[package]]
name = "cambios-abi"
version = "0.1.0"

[[package]]
name = "cambios-libscanout"
version = "0.1.0"

[[package]]
name = "cambios-libsys"
version = "0.1.0"
dependencies = [
 "cambios-abi",
]

[[package]]
name = "cambios-scanout-virtio-gpu"
version = "0.1.0"
dependencies = [
 "cambios-libscanout",
 "cambios-libsys",
]
