# This file is automatically @generated by Cargo.
# It is not intended for manual editing.
version = 4

[[package]]
name = "cambios-libfs"
version = "0.1.0"
dependencies = [
 "cambios-libfs-proto",
 "cambios-libsys",
]

[[package]]
name = "cambios-libfs-proto"
version = "0.1.0"

[[package]]
name = "cambios-libsys"
version = "0.1.0"
