# This file is automatically @generated by Cargo.
# It is not intended for manual editing.
version = 4

[[package]]
name = "arcos-libgui"
version = "0.1.0"
dependencies = [
 "arcos-libgui-proto",
 "arcos-libinput-proto",
 "arcos-libsys",
]

[[package]]
name = "arcos-libgui-proto"
version = "0.1.0"
dependencies = [
 "arcos-libinput-proto",
]

[[package]]
name = "arcos-libinput-proto"
version = "0.1.0"

[[package]]
name = "arcos-libsys"
version = "0.1.0"
