# This file is automatically @generated by Cargo.
# It is not intended for manual editing.
version = 4

[[package]]
name = "cambios-abi"
version = "0.1.0"

[[package]]
name = "cambios-libgui"
version = "0.1.0"
dependencies = [
 "cambios-libgui-proto",
 "cambios-libinput-proto",
 "cambios-libsys",
]

[[package]]
name = "cambios-libgui-proto"
version = "0.1.0"
dependencies = [
 "cambios-libinput-proto",
]

[[package]]
name = "cambios-libinput-proto"
version = "0.1.0"

[[package]]
name = "cambios-libsys"
version = "0.1.0"
dependencies = [
 "cambios-abi",
]

[[package]]
name = "cambios-tree"
version = "0.1.0"
dependencies = [
 "cambios-libgui",
 "cambios-libsys",
]
